Microsoft Visual Studio Solution File, Format Version 12.00
# Visual Studio Version 17
VisualStudioVersion = 17.0.31903.59
MinimumVisualStudioVersion = 10.0.40219.1
Project("{9A19103F-16F7-4668-BE54-9A1E7A4F7556}") = "MessagingPlatform.API", "src\MessagingPlatform.API\MessagingPlatform.API.csproj", "{3C1F4A7D-8B2A-4F8C-9E3A-7D6B2C8F4A1E}"
EndProject
Project("{9A19103F-16F7-4668-BE54-9A1E7A4F7556}") = "MessagingPlatform.Application", "src\MessagingPlatform.Application\MessagingPlatform.Application.csproj", "{4D2F8B7C-9E3A-4F8C-8B2A-7D6B2C8F4A1E}"
EndProject
Project("{9A19103F-16F7-4668-BE54-9A1E7A4F7556}") = "MessagingPlatform.Domain", "src\MessagingPlatform.Domain\MessagingPlatform.Domain.csproj", "{5E3F9A7D-8B2C-4F8A-9E3A-7D6B2C8F4A1F}"
EndProject
Project("{9A19103F-16F7-4668-BE54-9A1E7A4F7556}") = "MessagingPlatform.Infrastructure", "src\MessagingPlatform.Infrastructure\MessagingPlatform.Infrastructure.csproj", "{6F4A8B7D-9E3C-4F8A-8B2A-7D6B2C8F4A2E}"
EndProject
Global
	GlobalSection(SolutionConfigurationPlatforms) = preSolution
		Debug|Any CPU = Debug|Any CPU
		Release|Any CPU = Release|Any CPU
	EndGlobalSection
	GlobalSection(ProjectConfigurationPlatforms) = postSolution
		{3C1F4A7D-8B2A-4F8C-9E3A-7D6B2C8F4A1E}.Debug|Any CPU.ActiveCfg = Debug|Any CPU
		{3C1F4A7D-8B2A-4F8C-9E3A-7D6B2C8F4A1E}.Debug|Any CPU.Build.0 = Debug|Any CPU
		{3C1F4A7D-8B2A-4F8C-9E3A-7D6B2C8F4A1E}.Release|Any CPU.ActiveCfg = Release|Any CPU
		{3C1F4A7D-8B2A-4F8C-9E3A-7D6B2C8F4A1E}.Release|Any CPU.Build.0 = Release|Any CPU
		{4D2F8B7C-9E3A-4F8C-8B2A-7D6B2C8F4A1E}.Debug|Any CPU.ActiveCfg = Debug|Any CPU
		{4D2F8B7C-9E3A-4F8C-8B2A-7D6B2C8F4A1E}.Debug|Any CPU.Build.0 = Debug|Any CPU
		{4D2F8B7C-9E3A-4F8C-8B2A-7D6B2C8F4A1E}.Release|Any CPU.ActiveCfg = Release|Any CPU
		{4D2F8B7C-9E3A-4F8C-8B2A-7D6B2C8F4A1E}.Release|Any CPU.Build.0 = Release|Any CPU
		{5E3F9A7D-8B2C-4F8A-9E3A-7D6B2C8F4A1F}.Debug|Any CPU.ActiveCfg = Debug|Any CPU
		{5E3F9A7D-8B2C-4F8A-9E3A-7D6B2C8F4A1F}.Debug|Any CPU.Build.0 = Debug|Any CPU
		{5E3F9A7D-8B2C-4F8A-9E3A-7D6B2C8F4A1F}.Release|Any CPU.ActiveCfg = Release|Any CPU
		{5E3F9A7D-8B2C-4F8A-9E3A-7D6B2C8F4A1F}.Release|Any CPU.Build.0 = Release|Any CPU
		{6F4A8B7D-9E3C-4F8A-8B2A-7D6B2C8F4A2E}.Debug|Any CPU.ActiveCfg = Debug|Any CPU
		{6F4A8B7D-9E3C-4F8A-8B2A-7D6B2C8F4A2E}.Debug|Any CPU.Build.0 = Debug|Any CPU
		{6F4A8B7D-9E3C-4F8A-8B2A-7D6B2C8F4A2E}.Release|Any CPU.ActiveCfg = Release|Any CPU
		{6F4A8B7D-9E3C-4F8A-8B2A-7D6B2C8F4A2E}.Release|Any CPU.Build.0 = Release|Any CPU
	EndGlobalSection
	GlobalSection(SolutionProperties) = preSolution
		HideSolutionNode = FALSE
	EndGlobalSection
	GlobalSection(ExtensibilityGlobals) = postSolution
		SolutionGuid = {9A3F4B7D-8E2A-4F8C-9E3A-7D6B2C8F4A5F}
	EndGlobalSection
EndGlobal